{
  "version": 4,
  "terraform_version": "1.1.0",
  "serial": 12,
  "lineage": "1f1c1d06-cb89-1451-a7f6-6ed4344ed373",
  "outputs": {
    "tls_private_key": {
      "value": "-----BEGIN RSA PRIVATE KEY-----\nMIIJKQIBAAKCAgEA2X/ERMfyfXg2BJdQO9LubmBjqPIay8DQ+bYkgpKRNQGNwXGA\nlz5c0ppLSapkMnxLDHMwbQzs8on9OqcC17gsyXOkGxsv8SXivatqTFFDemAnV2i/\nCglyximmfWVh3QAyBKhW0uKwa3LnIpdFPFC2zJ6pe2EnjUIduPMZ1mDK04cd+Ktx\nqQyL3aXnNQ4Hj0xiPhNQZvm6Fiss0TY4LsXYrbCPHwUFqWfXp44N/BTJ/KyCt48N\nj0B/I79dxpt58VXY8Su6eQ27T11wo4GFpFR1f3affKc5EnLO6HJt6yPfRPSB9Slm\naNzN8uL9VU/BAuG1xttiB5vPlnRAEg3BE0aIRUT4xiJzWmAuZ3KmlV6LvFCQJYKw\nb8XMOUrnAPxuwGVC3LxNCqHO1s3v4VswJfQ6ZdhaTkC1vtg2qbaUDQga8gU/k753\nVFe7c6H2tu35uFd9D2pFMxEpgroLvf95EJiRfIo3EgSKRIszVBE5vF3s9oX46HqQ\n/7xFzkdwSlXC4KQMJLExiJJgElplwxO4v3J9r0guT7t4/VBXiI4CN89qSatOVALT\nFyoX7ymI94hXLhKwVrvywDaic2VS6Kyba1K9tLQIcNMnT0VHp8MWCnb+aRIgCnye\n/tGtELy3zxzbK31mtav9yp7wlDbnpkPihuhzAY6WVXKwZGw56h9/m7cV6X0CAwEA\nAQKCAgEApM0U8HD4om2FsLDekJXhKC1NFmRsPVsafTuwKmfYMuu8d4kDQJZ2SvWy\nelzrkv1u+D4HwXl7yMMZ52lI1B+vf+1puUg+aWClj8Xkw3MHyCA3bxnlNzu1hcVl\na7p4DrbpL3JGZ4Bw4NmtnR41zd/ywtSt4tjY2UXxs4QwXan1xZWp9hQiCU+CYy4k\nJKU+wSvFfPexgnVStR191gBZTceHyQPxTjXF9njChSk0G3+9FQG6AlAYnCTosTN9\nYNHJ8j10JjlWEAeBmD9a6+lmU//TEAPYEOG8cugfMy4Rb4w8zsjd99+ow2gbfSDV\nh+DohMB1tfnhK5a6Emx/Z66YT3ywHzbhXWWbm+CxgBoKTKoA0E5aE2H7Rj1Y0epv\nufTaYkdv5BCgpULNHdiUUZD5vsadR7Gw2inb7aZklPBlf+ED8Nj6ANVjyhHoJgGS\nhyWvKYZEcOMjdji5vEID2HLlpbuKSxdr24mRxKjGN9czgqZ54TdeB7mktDd0JqbW\nsVfarV6pPhd9QHFHF1+grVr+Ifj4T1m7ra79gDUNQGpFS7TMvkBV/ClVDw8sB17B\nubWJkpADBU4EqSn/LSKRARWkv5PacbdldegIuokr1SVxMkuC+hpVVRx6X35nf7Mk\npBWIvkmOVZEGu8CflzOwnonTnrM/yMOlSSYu5eFIE15immCCD0ECggEBAO/vNxQ8\nqmuvNBcs2U/mwxFIvKPCK6knYscFC2f3rDXyvjGASZ7DRYXiZRk3IDfpd8CZrsJb\nFKrabR2GXQ+BNHtvk62Op2P3keJk8XRBOGKkA7OKDS0tD+klKG/EkD+XvotQJh7e\nx+Zkji8vYwPhzaYpr0d+DqCAMSiLcmMZAmtMGnvtxz0u2QhLlxj+ziPZiACc0sy+\nh+O7o8NruF3H41UEzheJhEFYPN3VmASGE2P4IbqbUtoZu3/IwWExvxw8z50nDRtK\nHPJI7aDLPyG8cODXLg+SYdrhwHeA4YTaBw+Djbc/LeGxXVA6j62+iWK77amfJPPe\nC9ACQIQmeuOxLzUCggEBAOgP+xgwY+cwbzZYYwDvIrhs9kI9AaMBU8Ao6g9ircV0\nNW3K61RCXVautdXW6p340zVPVOyYA9CyzAhnpTGmTJ+AX4DeHtK9Szn2gGIwxA91\noDAAattQsNMl24ZVEv+Sp3/nBQbfkxD907kCBNYgxajzeDgXzyJuPeh/vNQSdkY+\nVGDR2Eqlov1ULx2ReATRAKf3ZnZjXAlx9AhkAd8b9JX2uh/yf91MbAkmoc4Y99Mj\nc0knjKFAf2LP0tEusLHjsUpFtuqb8tpmt6chlZ8yvisfMFLc+onRMKUJ79x2Spjm\nTijqDooxTnQ68HIQMP+P+uo5Q/bjMXXSPq8vjWEpMikCggEAa7kLEZrrKM3QpVcN\nekIw8mGl0CAtWhTE1HX/WP5p4w7JNZBTfWROon2yxk9pt7Cqg158h+Y8sTjAJLFe\ntsdbuM+vjgyuOsO8S9jmTzu5BRB+WO1yXQYOTq7QKN4npWWLtyCU/Oco+NfMvoKY\nAfYvTpsIhyChkI39hCaXhMaFv4a7nUh0W5Pc/Uxy2lYMVywjU6MVQbeJa0WjkOmc\nLP7Bojo2DXtAVdY3/aEYT2+i5Q9SlWWHHUTQWd7Yc7rSAuuKixQtXkM4G8+CYN7f\nyVXBmDEEDRm7tXoF36GNnwgEg4Kc7dj/0ITBUHP6bhdNt3aIjc9V1+ephgp8zNg5\n9GBowQKCAQAG4xqHoEAGx3g1e7AMggxcvtccJiVbShnLNSulIz+XAZjoVkJfsMyG\nWw8IdqVl5NGX3m/dybErS3MkuLa9X3scrLmo4G63wGhwIvGyeFIJR2tmoUyKj71/\ntrrqJLI4pYiVEi0jBBWgRng3IGk2VaioF/m0aHh8RBtQQCJBhP6/nO/yI6gwpvPM\nYug3D28pbW6AjaYb010S5q/gY99uWK0MmlLxycejsLXwG5ZnwHPybzXnsOXKj1h4\nfUR7ctBJp0FGvATut4wgkTXYHvYK0H22V+meO/KvjmbMLxxQRa53FTaynieqUEZM\nyscCC5r4qrQ+qU5sEFgScBfuKRIgFRHpAoIBAQDfZDXknwK6knLOAk32fXINddJz\nqxQSiSyO8ZxDOpcblVMlzVYw4L82zRtsK86TdnniBKrVoADiOERZO3XESHUfJp80\nAlkjEqJI1WBYo4JocuPMBUO+fNucMpxdawtMRFs3HKvrH62z1/W4E2JdMv/Duqxd\nsXIMtp6JxcfLa6ytE328cuUUtDkiuJv/entOjwzBxtnoiE4EPamtVF77j1o5uRka\nRKBzPndKUD2rv4KJUkeAdo/mlmRlJaDwvP6IZFSyf6cL7fwqYMu+GAkTCwbeTR62\nLAJBgrlqOpzaau7hg2FbX5k94NLXkdt4H9wOCz7YkNMcg/1TpGC8RC1GNLsb\n-----END RSA PRIVATE KEY-----\n",
      "type": "string",
      "sensitive": true
    },
    "vm_id": {
      "value": "/subscriptions/06910002-cdf4-42d8-a1b1-4fdac49a86e8/resourceGroups/swags-app-rg/providers/Microsoft.Compute/virtualMachines/swags-vm",
      "type": "string",
      "sensitive": true
    },
    "vm_ip": {
      "value": "20.126.102.177",
      "type": "string",
      "sensitive": true
    }
  },
  "resources": [
    {
      "mode": "managed",
      "type": "azurerm_linux_virtual_machine",
      "name": "linuxvm",
      "provider": "provider[\"registry.terraform.io/hashicorp/azurerm\"]",
      "instances": [
        {
          "schema_version": 0,
          "attributes": {
            "additional_capabilities": [],
            "admin_password": null,
            "admin_ssh_key": [
              {
                "public_key": "ssh-rsa AAAAB3NzaC1yc2EAAAADAQABAAACAQDZf8REx/J9eDYEl1A70u5uYGOo8hrLwND5tiSCkpE1AY3BcYCXPlzSmktJqmQyfEsMczBtDOzyif06pwLXuCzJc6QbGy/xJeK9q2pMUUN6YCdXaL8KCXLGKaZ9ZWHdADIEqFbS4rBrcucil0U8ULbMnql7YSeNQh248xnWYMrThx34q3GpDIvdpec1DgePTGI+E1Bm+boWKyzRNjguxditsI8fBQWpZ9enjg38FMn8rIK3jw2PQH8jv13Gm3nxVdjxK7p5DbtPXXCjgYWkVHV/dp98pzkScs7ocm3rI99E9IH1KWZo3M3y4v1VT8EC4bXG22IHm8+WdEASDcETRohFRPjGInNaYC5ncqaVXou8UJAlgrBvxcw5SucA/G7AZULcvE0Koc7Wze/hWzAl9Dpl2FpOQLW+2DaptpQNCBryBT+TvndUV7tzofa27fm4V30PakUzESmCugu9/3kQmJF8ijcSBIpEizNUETm8Xez2hfjoepD/vEXOR3BKVcLgpAwksTGIkmASWmXDE7i/cn2vSC5Pu3j9UFeIjgI3z2pJq05UAtMXKhfvKYj3iFcuErBWu/LANqJzZVLorJtrUr20tAhw0ydPRUenwxYKdv5pEiAKfJ7+0a0QvLfPHNsrfWa1q/3KnvCUNuemQ+KG6HMBjpZVcrBkbDnqH3+btxXpfQ==\n",
                "username": "azureuser"
              }
            ],
            "admin_username": "azureuser",
            "allow_extension_operations": true,
            "availability_set_id": "",
            "boot_diagnostics": [
              {
                "storage_account_uri": "https://diag83575b0383e9ee0c.blob.core.windows.net/"
              }
            ],
            "computer_name": "myvm",
            "custom_data": null,
            "dedicated_host_id": "",
            "disable_password_authentication": true,
            "encryption_at_host_enabled": false,
            "eviction_policy": "",
            "extensions_time_budget": "PT1H30M",
            "id": "/subscriptions/06910002-cdf4-42d8-a1b1-4fdac49a86e8/resourceGroups/swags-app-rg/providers/Microsoft.Compute/virtualMachines/swags-vm",
            "identity": [],
            "license_type": "",
            "location": "westeurope",
            "max_bid_price": -1,
            "name": "swags-vm",
            "network_interface_ids": [
              "/subscriptions/06910002-cdf4-42d8-a1b1-4fdac49a86e8/resourceGroups/swags-app-rg/providers/Microsoft.Network/networkInterfaces/nicprod019"
            ],
            "os_disk": [
              {
                "caching": "ReadWrite",
                "diff_disk_settings": [],
                "disk_encryption_set_id": "",
                "disk_size_gb": 30,
                "name": "myOsDisk",
                "storage_account_type": "Premium_LRS",
                "write_accelerator_enabled": false
              }
            ],
            "plan": [],
            "platform_fault_domain": -1,
            "priority": "Regular",
            "private_ip_address": "10.0.1.4",
            "private_ip_addresses": [
              "10.0.1.4"
            ],
            "provision_vm_agent": true,
            "proximity_placement_group_id": "",
            "public_ip_address": "20.126.102.177",
            "public_ip_addresses": [
              "20.126.102.177"
            ],
            "resource_group_name": "swags-app-rg",
            "secret": [],
            "size": "Standard_DS1_v2",
            "source_image_id": "",
            "source_image_reference": [
              {
                "offer": "UbuntuServer",
                "publisher": "Canonical",
                "sku": "18.04-LTS",
                "version": "latest"
              }
            ],
            "tags": {
              "environment": "development"
            },
            "timeouts": null,
            "virtual_machine_id": "c09e87e4-27b6-4bcb-8eed-2a127fbb639e",
            "virtual_machine_scale_set_id": "",
            "zone": ""
          },
          "sensitive_attributes": [],
          "private": "eyJlMmJmYjczMC1lY2FhLTExZTYtOGY4OC0zNDM2M2JjN2M0YzAiOnsiY3JlYXRlIjoyNzAwMDAwMDAwMDAwLCJkZWxldGUiOjI3MDAwMDAwMDAwMDAsInJlYWQiOjMwMDAwMDAwMDAwMCwidXBkYXRlIjoyNzAwMDAwMDAwMDAwfX0=",
          "dependencies": [
            "azurerm_network_interface.nic",
            "azurerm_public_ip.public_ip",
            "azurerm_resource_group.rg",
            "azurerm_storage_account.storage",
            "azurerm_subnet.subnet",
            "azurerm_virtual_network.vnet",
            "random_id.randomId",
            "tls_private_key.example_ssh"
          ]
        }
      ]
    },
    {
      "mode": "managed",
      "type": "azurerm_network_interface",
      "name": "nic",
      "provider": "provider[\"registry.terraform.io/hashicorp/azurerm\"]",
      "instances": [
        {
          "schema_version": 0,
          "attributes": {
            "applied_dns_servers": [],
            "dns_servers": [],
            "enable_accelerated_networking": false,
            "enable_ip_forwarding": false,
            "id": "/subscriptions/06910002-cdf4-42d8-a1b1-4fdac49a86e8/resourceGroups/swags-app-rg/providers/Microsoft.Network/networkInterfaces/nicprod019",
            "internal_dns_name_label": "",
            "internal_domain_name_suffix": "11gbkmuaxtle3msjhzvip313re.ax.internal.cloudapp.net",
            "ip_configuration": [
              {
                "name": "myNicConfiguration",
                "primary": true,
                "private_ip_address": "10.0.1.4",
                "private_ip_address_allocation": "Dynamic",
                "private_ip_address_version": "IPv4",
                "public_ip_address_id": "/subscriptions/06910002-cdf4-42d8-a1b1-4fdac49a86e8/resourceGroups/swags-app-rg/providers/Microsoft.Network/publicIPAddresses/publicip019",
                "subnet_id": "/subscriptions/06910002-cdf4-42d8-a1b1-4fdac49a86e8/resourceGroups/swags-app-rg/providers/Microsoft.Network/virtualNetworks/vnetprod019/subnets/subnet019"
              }
            ],
            "location": "westeurope",
            "mac_address": "",
            "name": "nicprod019",
            "private_ip_address": "10.0.1.4",
            "private_ip_addresses": [
              "10.0.1.4"
            ],
            "resource_group_name": "swags-app-rg",
            "tags": {
              "environment": "development"
            },
            "timeouts": null,
            "virtual_machine_id": ""
          },
          "sensitive_attributes": [],
          "private": "eyJlMmJmYjczMC1lY2FhLTExZTYtOGY4OC0zNDM2M2JjN2M0YzAiOnsiY3JlYXRlIjoxODAwMDAwMDAwMDAwLCJkZWxldGUiOjE4MDAwMDAwMDAwMDAsInJlYWQiOjMwMDAwMDAwMDAwMCwidXBkYXRlIjoxODAwMDAwMDAwMDAwfX0=",
          "dependencies": [
            "azurerm_public_ip.public_ip",
            "azurerm_resource_group.rg",
            "azurerm_subnet.subnet",
            "azurerm_virtual_network.vnet"
          ]
        }
      ]
    },
    {
      "mode": "managed",
      "type": "azurerm_network_interface_security_group_association",
      "name": "association",
      "provider": "provider[\"registry.terraform.io/hashicorp/azurerm\"]",
      "instances": [
        {
          "schema_version": 0,
          "attributes": {
            "id": "/subscriptions/06910002-cdf4-42d8-a1b1-4fdac49a86e8/resourceGroups/swags-app-rg/providers/Microsoft.Network/networkInterfaces/nicprod019|/subscriptions/06910002-cdf4-42d8-a1b1-4fdac49a86e8/resourceGroups/swags-app-rg/providers/Microsoft.Network/networkSecurityGroups/nsgprod019",
            "network_interface_id": "/subscriptions/06910002-cdf4-42d8-a1b1-4fdac49a86e8/resourceGroups/swags-app-rg/providers/Microsoft.Network/networkInterfaces/nicprod019",
            "network_security_group_id": "/subscriptions/06910002-cdf4-42d8-a1b1-4fdac49a86e8/resourceGroups/swags-app-rg/providers/Microsoft.Network/networkSecurityGroups/nsgprod019",
            "timeouts": null
          },
          "sensitive_attributes": [],
          "private": "eyJlMmJmYjczMC1lY2FhLTExZTYtOGY4OC0zNDM2M2JjN2M0YzAiOnsiY3JlYXRlIjoxODAwMDAwMDAwMDAwLCJkZWxldGUiOjE4MDAwMDAwMDAwMDAsInJlYWQiOjMwMDAwMDAwMDAwMCwidXBkYXRlIjoxODAwMDAwMDAwMDAwfX0=",
          "dependencies": [
            "azurerm_network_interface.nic",
            "azurerm_network_security_group.nsg",
            "azurerm_public_ip.public_ip",
            "azurerm_resource_group.rg",
            "azurerm_subnet.subnet",
            "azurerm_virtual_network.vnet"
          ]
        }
      ]
    },
    {
      "mode": "managed",
      "type": "azurerm_network_security_group",
      "name": "nsg",
      "provider": "provider[\"registry.terraform.io/hashicorp/azurerm\"]",
      "instances": [
        {
          "schema_version": 0,
          "attributes": {
            "id": "/subscriptions/06910002-cdf4-42d8-a1b1-4fdac49a86e8/resourceGroups/swags-app-rg/providers/Microsoft.Network/networkSecurityGroups/nsgprod019",
            "location": "westeurope",
            "name": "nsgprod019",
            "resource_group_name": "swags-app-rg",
            "security_rule": [
              {
                "access": "Allow",
                "description": "",
                "destination_address_prefix": "*",
                "destination_address_prefixes": [],
                "destination_application_security_group_ids": [],
                "destination_port_range": "22",
                "destination_port_ranges": [],
                "direction": "Inbound",
                "name": "SSH",
                "priority": 1001,
                "protocol": "Tcp",
                "source_address_prefix": "*",
                "source_address_prefixes": [],
                "source_application_security_group_ids": [],
                "source_port_range": "*",
                "source_port_ranges": []
              }
            ],
            "tags": {
              "environment": "development"
            },
            "timeouts": null
          },
          "sensitive_attributes": [],
          "private": "eyJlMmJmYjczMC1lY2FhLTExZTYtOGY4OC0zNDM2M2JjN2M0YzAiOnsiY3JlYXRlIjoxODAwMDAwMDAwMDAwLCJkZWxldGUiOjE4MDAwMDAwMDAwMDAsInJlYWQiOjMwMDAwMDAwMDAwMCwidXBkYXRlIjoxODAwMDAwMDAwMDAwfX0=",
          "dependencies": [
            "azurerm_resource_group.rg"
          ]
        }
      ]
    },
    {
      "mode": "managed",
      "type": "azurerm_public_ip",
      "name": "public_ip",
      "provider": "provider[\"registry.terraform.io/hashicorp/azurerm\"]",
      "instances": [
        {
          "schema_version": 0,
          "attributes": {
            "allocation_method": "Dynamic",
            "availability_zone": "No-Zone",
            "domain_name_label": null,
            "fqdn": null,
            "id": "/subscriptions/06910002-cdf4-42d8-a1b1-4fdac49a86e8/resourceGroups/swags-app-rg/providers/Microsoft.Network/publicIPAddresses/publicip019",
            "idle_timeout_in_minutes": 4,
            "ip_address": "",
            "ip_tags": null,
            "ip_version": "IPv4",
            "location": "westeurope",
            "name": "publicip019",
            "public_ip_prefix_id": null,
            "resource_group_name": "swags-app-rg",
            "reverse_fqdn": null,
            "sku": "Basic",
            "sku_tier": "Regional",
            "tags": {
              "environment": "development"
            },
            "timeouts": null,
            "zones": []
          },
          "sensitive_attributes": [],
          "private": "eyJlMmJmYjczMC1lY2FhLTExZTYtOGY4OC0zNDM2M2JjN2M0YzAiOnsiY3JlYXRlIjoxODAwMDAwMDAwMDAwLCJkZWxldGUiOjE4MDAwMDAwMDAwMDAsInJlYWQiOjMwMDAwMDAwMDAwMCwidXBkYXRlIjoxODAwMDAwMDAwMDAwfX0=",
          "dependencies": [
            "azurerm_resource_group.rg"
          ]
        }
      ]
    },
    {
      "mode": "managed",
      "type": "azurerm_resource_group",
      "name": "rg",
      "provider": "provider[\"registry.terraform.io/hashicorp/azurerm\"]",
      "instances": [
        {
          "schema_version": 0,
          "attributes": {
            "id": "/subscriptions/06910002-cdf4-42d8-a1b1-4fdac49a86e8/resourceGroups/swags-app-rg",
            "location": "westeurope",
            "name": "swags-app-rg",
            "tags": {
              "environment": "development"
            },
            "timeouts": null
          },
          "sensitive_attributes": [],
          "private": "eyJlMmJmYjczMC1lY2FhLTExZTYtOGY4OC0zNDM2M2JjN2M0YzAiOnsiY3JlYXRlIjo1NDAwMDAwMDAwMDAwLCJkZWxldGUiOjU0MDAwMDAwMDAwMDAsInJlYWQiOjMwMDAwMDAwMDAwMCwidXBkYXRlIjo1NDAwMDAwMDAwMDAwfX0="
        }
      ]
    },
    {
      "mode": "managed",
      "type": "azurerm_storage_account",
      "name": "storage",
      "provider": "provider[\"registry.terraform.io/hashicorp/azurerm\"]",
      "instances": [
        {
          "schema_version": 2,
          "attributes": {
            "access_tier": "Hot",
            "account_kind": "StorageV2",
            "account_replication_type": "LRS",
            "account_tier": "Standard",
            "allow_blob_public_access": false,
            "azure_files_authentication": [],
            "blob_properties": [
              {
                "change_feed_enabled": false,
                "container_delete_retention_policy": [],
                "cors_rule": [],
                "default_service_version": "",
                "delete_retention_policy": [],
                "last_access_time_enabled": false,
                "versioning_enabled": false
              }
            ],
            "custom_domain": [],
            "enable_https_traffic_only": true,
            "id": "/subscriptions/06910002-cdf4-42d8-a1b1-4fdac49a86e8/resourceGroups/swags-app-rg/providers/Microsoft.Storage/storageAccounts/diag83575b0383e9ee0c",
            "identity": [],
            "is_hns_enabled": false,
            "large_file_share_enabled": null,
            "location": "westeurope",
            "min_tls_version": "TLS1_0",
            "name": "diag83575b0383e9ee0c",
            "network_rules": [
              {
                "bypass": [
                  "AzureServices"
                ],
                "default_action": "Allow",
                "ip_rules": [],
                "private_link_access": [],
                "virtual_network_subnet_ids": []
              }
            ],
            "nfsv3_enabled": false,
            "primary_access_key": "2YaS8Jc7vV+oifCdEvei/WYk7mGG0xfaVihh6hit37CeS3fB+RISUN39JrFq+rLbAGmLFJgcYH6rmF8lgEGigQ==",
            "primary_blob_connection_string": "DefaultEndpointsProtocol=https;BlobEndpoint=https://diag83575b0383e9ee0c.blob.core.windows.net/;AccountName=diag83575b0383e9ee0c;AccountKey=2YaS8Jc7vV+oifCdEvei/WYk7mGG0xfaVihh6hit37CeS3fB+RISUN39JrFq+rLbAGmLFJgcYH6rmF8lgEGigQ==",
            "primary_blob_endpoint": "https://diag83575b0383e9ee0c.blob.core.windows.net/",
            "primary_blob_host": "diag83575b0383e9ee0c.blob.core.windows.net",
            "primary_connection_string": "DefaultEndpointsProtocol=https;AccountName=diag83575b0383e9ee0c;AccountKey=2YaS8Jc7vV+oifCdEvei/WYk7mGG0xfaVihh6hit37CeS3fB+RISUN39JrFq+rLbAGmLFJgcYH6rmF8lgEGigQ==;EndpointSuffix=core.windows.net",
            "primary_dfs_endpoint": "https://diag83575b0383e9ee0c.dfs.core.windows.net/",
            "primary_dfs_host": "diag83575b0383e9ee0c.dfs.core.windows.net",
            "primary_file_endpoint": "https://diag83575b0383e9ee0c.file.core.windows.net/",
            "primary_file_host": "diag83575b0383e9ee0c.file.core.windows.net",
            "primary_location": "westeurope",
            "primary_queue_endpoint": "https://diag83575b0383e9ee0c.queue.core.windows.net/",
            "primary_queue_host": "diag83575b0383e9ee0c.queue.core.windows.net",
            "primary_table_endpoint": "https://diag83575b0383e9ee0c.table.core.windows.net/",
            "primary_table_host": "diag83575b0383e9ee0c.table.core.windows.net",
            "primary_web_endpoint": "https://diag83575b0383e9ee0c.z6.web.core.windows.net/",
            "primary_web_host": "diag83575b0383e9ee0c.z6.web.core.windows.net",
            "queue_properties": [
              {
                "cors_rule": [],
                "hour_metrics": [
                  {
                    "enabled": true,
                    "include_apis": true,
                    "retention_policy_days": 7,
                    "version": "1.0"
                  }
                ],
                "logging": [
                  {
                    "delete": false,
                    "read": false,
                    "retention_policy_days": 0,
                    "version": "1.0",
                    "write": false
                  }
                ],
                "minute_metrics": [
                  {
                    "enabled": false,
                    "include_apis": false,
                    "retention_policy_days": 0,
                    "version": "1.0"
                  }
                ]
              }
            ],
            "resource_group_name": "swags-app-rg",
            "routing": [],
            "secondary_access_key": "G+LBqKZXzO/7BLKGQsWBFwrPedMKUiSpmfBevQh0uBz/UAIg5va4sx8ZOVy8467vqTQOQh2ce9aFDzlnHDbH8g==",
            "secondary_blob_connection_string": "",
            "secondary_blob_endpoint": null,
            "secondary_blob_host": null,
            "secondary_connection_string": "DefaultEndpointsProtocol=https;AccountName=diag83575b0383e9ee0c;AccountKey=G+LBqKZXzO/7BLKGQsWBFwrPedMKUiSpmfBevQh0uBz/UAIg5va4sx8ZOVy8467vqTQOQh2ce9aFDzlnHDbH8g==;EndpointSuffix=core.windows.net",
            "secondary_dfs_endpoint": null,
            "secondary_dfs_host": null,
            "secondary_file_endpoint": null,
            "secondary_file_host": null,
            "secondary_location": "",
            "secondary_queue_endpoint": null,
            "secondary_queue_host": null,
            "secondary_table_endpoint": null,
            "secondary_table_host": null,
            "secondary_web_endpoint": null,
            "secondary_web_host": null,
            "share_properties": [
              {
                "cors_rule": [],
                "retention_policy": [
                  {
                    "days": 7
                  }
                ],
                "smb": []
              }
            ],
            "shared_access_key_enabled": true,
            "static_website": [],
            "tags": {
              "environment": "development"
            },
            "timeouts": null
          },
          "sensitive_attributes": [],
          "private": "eyJlMmJmYjczMC1lY2FhLTExZTYtOGY4OC0zNDM2M2JjN2M0YzAiOnsiY3JlYXRlIjozNjAwMDAwMDAwMDAwLCJkZWxldGUiOjM2MDAwMDAwMDAwMDAsInJlYWQiOjMwMDAwMDAwMDAwMCwidXBkYXRlIjozNjAwMDAwMDAwMDAwfSwic2NoZW1hX3ZlcnNpb24iOiIyIn0=",
          "dependencies": [
            "azurerm_resource_group.rg",
            "random_id.randomId"
          ]
        }
      ]
    },
    {
      "mode": "managed",
      "type": "azurerm_subnet",
      "name": "subnet",
      "provider": "provider[\"registry.terraform.io/hashicorp/azurerm\"]",
      "instances": [
        {
          "schema_version": 0,
          "attributes": {
            "address_prefix": "10.0.1.0/24",
            "address_prefixes": [
              "10.0.1.0/24"
            ],
            "delegation": [],
            "enforce_private_link_endpoint_network_policies": false,
            "enforce_private_link_service_network_policies": false,
            "id": "/subscriptions/06910002-cdf4-42d8-a1b1-4fdac49a86e8/resourceGroups/swags-app-rg/providers/Microsoft.Network/virtualNetworks/vnetprod019/subnets/subnet019",
            "name": "subnet019",
            "resource_group_name": "swags-app-rg",
            "service_endpoint_policy_ids": null,
            "service_endpoints": null,
            "timeouts": null,
            "virtual_network_name": "vnetprod019"
          },
          "sensitive_attributes": [],
          "private": "eyJlMmJmYjczMC1lY2FhLTExZTYtOGY4OC0zNDM2M2JjN2M0YzAiOnsiY3JlYXRlIjoxODAwMDAwMDAwMDAwLCJkZWxldGUiOjE4MDAwMDAwMDAwMDAsInJlYWQiOjMwMDAwMDAwMDAwMCwidXBkYXRlIjoxODAwMDAwMDAwMDAwfX0=",
          "dependencies": [
            "azurerm_resource_group.rg",
            "azurerm_virtual_network.vnet"
          ]
        }
      ]
    },
    {
      "mode": "managed",
      "type": "azurerm_virtual_network",
      "name": "vnet",
      "provider": "provider[\"registry.terraform.io/hashicorp/azurerm\"]",
      "instances": [
        {
          "schema_version": 0,
          "attributes": {
            "address_space": [
              "10.0.0.0/16"
            ],
            "bgp_community": "",
            "ddos_protection_plan": [],
            "dns_servers": [],
            "guid": "3215ccde-bc80-4ed6-b249-3e6a87f77d8c",
            "id": "/subscriptions/06910002-cdf4-42d8-a1b1-4fdac49a86e8/resourceGroups/swags-app-rg/providers/Microsoft.Network/virtualNetworks/vnetprod019",
            "location": "westeurope",
            "name": "vnetprod019",
            "resource_group_name": "swags-app-rg",
            "subnet": [],
            "tags": {
              "environment": "development"
            },
            "timeouts": null,
            "vm_protection_enabled": false
          },
          "sensitive_attributes": [],
          "private": "eyJlMmJmYjczMC1lY2FhLTExZTYtOGY4OC0zNDM2M2JjN2M0YzAiOnsiY3JlYXRlIjoxODAwMDAwMDAwMDAwLCJkZWxldGUiOjE4MDAwMDAwMDAwMDAsInJlYWQiOjMwMDAwMDAwMDAwMCwidXBkYXRlIjoxODAwMDAwMDAwMDAwfX0=",
          "dependencies": [
            "azurerm_resource_group.rg"
          ]
        }
      ]
    },
    {
      "mode": "managed",
      "type": "random_id",
      "name": "randomId",
      "provider": "provider[\"registry.terraform.io/hashicorp/random\"]",
      "instances": [
        {
          "schema_version": 0,
          "attributes": {
            "b64_std": "g1dbA4Pp7gw=",
            "b64_url": "g1dbA4Pp7gw",
            "byte_length": 8,
            "dec": "9464133212598562316",
            "hex": "83575b0383e9ee0c",
            "id": "g1dbA4Pp7gw",
            "keepers": {
              "resource_group": "swags-app-rg"
            },
            "prefix": null
          },
          "sensitive_attributes": [],
          "private": "bnVsbA==",
          "dependencies": [
            "azurerm_resource_group.rg"
          ]
        }
      ]
    },
    {
      "mode": "managed",
      "type": "tls_private_key",
      "name": "example_ssh",
      "provider": "provider[\"registry.terraform.io/hashicorp/tls\"]",
      "instances": [
        {
          "schema_version": 0,
          "attributes": {
            "algorithm": "RSA",
            "ecdsa_curve": "P224",
            "id": "0aa5524e88d5ccd70e1592b31750c125bb37dca5",
            "private_key_pem": "-----BEGIN RSA PRIVATE KEY-----\nMIIJKQIBAAKCAgEA2X/ERMfyfXg2BJdQO9LubmBjqPIay8DQ+bYkgpKRNQGNwXGA\nlz5c0ppLSapkMnxLDHMwbQzs8on9OqcC17gsyXOkGxsv8SXivatqTFFDemAnV2i/\nCglyximmfWVh3QAyBKhW0uKwa3LnIpdFPFC2zJ6pe2EnjUIduPMZ1mDK04cd+Ktx\nqQyL3aXnNQ4Hj0xiPhNQZvm6Fiss0TY4LsXYrbCPHwUFqWfXp44N/BTJ/KyCt48N\nj0B/I79dxpt58VXY8Su6eQ27T11wo4GFpFR1f3affKc5EnLO6HJt6yPfRPSB9Slm\naNzN8uL9VU/BAuG1xttiB5vPlnRAEg3BE0aIRUT4xiJzWmAuZ3KmlV6LvFCQJYKw\nb8XMOUrnAPxuwGVC3LxNCqHO1s3v4VswJfQ6ZdhaTkC1vtg2qbaUDQga8gU/k753\nVFe7c6H2tu35uFd9D2pFMxEpgroLvf95EJiRfIo3EgSKRIszVBE5vF3s9oX46HqQ\n/7xFzkdwSlXC4KQMJLExiJJgElplwxO4v3J9r0guT7t4/VBXiI4CN89qSatOVALT\nFyoX7ymI94hXLhKwVrvywDaic2VS6Kyba1K9tLQIcNMnT0VHp8MWCnb+aRIgCnye\n/tGtELy3zxzbK31mtav9yp7wlDbnpkPihuhzAY6WVXKwZGw56h9/m7cV6X0CAwEA\nAQKCAgEApM0U8HD4om2FsLDekJXhKC1NFmRsPVsafTuwKmfYMuu8d4kDQJZ2SvWy\nelzrkv1u+D4HwXl7yMMZ52lI1B+vf+1puUg+aWClj8Xkw3MHyCA3bxnlNzu1hcVl\na7p4DrbpL3JGZ4Bw4NmtnR41zd/ywtSt4tjY2UXxs4QwXan1xZWp9hQiCU+CYy4k\nJKU+wSvFfPexgnVStR191gBZTceHyQPxTjXF9njChSk0G3+9FQG6AlAYnCTosTN9\nYNHJ8j10JjlWEAeBmD9a6+lmU//TEAPYEOG8cugfMy4Rb4w8zsjd99+ow2gbfSDV\nh+DohMB1tfnhK5a6Emx/Z66YT3ywHzbhXWWbm+CxgBoKTKoA0E5aE2H7Rj1Y0epv\nufTaYkdv5BCgpULNHdiUUZD5vsadR7Gw2inb7aZklPBlf+ED8Nj6ANVjyhHoJgGS\nhyWvKYZEcOMjdji5vEID2HLlpbuKSxdr24mRxKjGN9czgqZ54TdeB7mktDd0JqbW\nsVfarV6pPhd9QHFHF1+grVr+Ifj4T1m7ra79gDUNQGpFS7TMvkBV/ClVDw8sB17B\nubWJkpADBU4EqSn/LSKRARWkv5PacbdldegIuokr1SVxMkuC+hpVVRx6X35nf7Mk\npBWIvkmOVZEGu8CflzOwnonTnrM/yMOlSSYu5eFIE15immCCD0ECggEBAO/vNxQ8\nqmuvNBcs2U/mwxFIvKPCK6knYscFC2f3rDXyvjGASZ7DRYXiZRk3IDfpd8CZrsJb\nFKrabR2GXQ+BNHtvk62Op2P3keJk8XRBOGKkA7OKDS0tD+klKG/EkD+XvotQJh7e\nx+Zkji8vYwPhzaYpr0d+DqCAMSiLcmMZAmtMGnvtxz0u2QhLlxj+ziPZiACc0sy+\nh+O7o8NruF3H41UEzheJhEFYPN3VmASGE2P4IbqbUtoZu3/IwWExvxw8z50nDRtK\nHPJI7aDLPyG8cODXLg+SYdrhwHeA4YTaBw+Djbc/LeGxXVA6j62+iWK77amfJPPe\nC9ACQIQmeuOxLzUCggEBAOgP+xgwY+cwbzZYYwDvIrhs9kI9AaMBU8Ao6g9ircV0\nNW3K61RCXVautdXW6p340zVPVOyYA9CyzAhnpTGmTJ+AX4DeHtK9Szn2gGIwxA91\noDAAattQsNMl24ZVEv+Sp3/nBQbfkxD907kCBNYgxajzeDgXzyJuPeh/vNQSdkY+\nVGDR2Eqlov1ULx2ReATRAKf3ZnZjXAlx9AhkAd8b9JX2uh/yf91MbAkmoc4Y99Mj\nc0knjKFAf2LP0tEusLHjsUpFtuqb8tpmt6chlZ8yvisfMFLc+onRMKUJ79x2Spjm\nTijqDooxTnQ68HIQMP+P+uo5Q/bjMXXSPq8vjWEpMikCggEAa7kLEZrrKM3QpVcN\nekIw8mGl0CAtWhTE1HX/WP5p4w7JNZBTfWROon2yxk9pt7Cqg158h+Y8sTjAJLFe\ntsdbuM+vjgyuOsO8S9jmTzu5BRB+WO1yXQYOTq7QKN4npWWLtyCU/Oco+NfMvoKY\nAfYvTpsIhyChkI39hCaXhMaFv4a7nUh0W5Pc/Uxy2lYMVywjU6MVQbeJa0WjkOmc\nLP7Bojo2DXtAVdY3/aEYT2+i5Q9SlWWHHUTQWd7Yc7rSAuuKixQtXkM4G8+CYN7f\nyVXBmDEEDRm7tXoF36GNnwgEg4Kc7dj/0ITBUHP6bhdNt3aIjc9V1+ephgp8zNg5\n9GBowQKCAQAG4xqHoEAGx3g1e7AMggxcvtccJiVbShnLNSulIz+XAZjoVkJfsMyG\nWw8IdqVl5NGX3m/dybErS3MkuLa9X3scrLmo4G63wGhwIvGyeFIJR2tmoUyKj71/\ntrrqJLI4pYiVEi0jBBWgRng3IGk2VaioF/m0aHh8RBtQQCJBhP6/nO/yI6gwpvPM\nYug3D28pbW6AjaYb010S5q/gY99uWK0MmlLxycejsLXwG5ZnwHPybzXnsOXKj1h4\nfUR7ctBJp0FGvATut4wgkTXYHvYK0H22V+meO/KvjmbMLxxQRa53FTaynieqUEZM\nyscCC5r4qrQ+qU5sEFgScBfuKRIgFRHpAoIBAQDfZDXknwK6knLOAk32fXINddJz\nqxQSiSyO8ZxDOpcblVMlzVYw4L82zRtsK86TdnniBKrVoADiOERZO3XESHUfJp80\nAlkjEqJI1WBYo4JocuPMBUO+fNucMpxdawtMRFs3HKvrH62z1/W4E2JdMv/Duqxd\nsXIMtp6JxcfLa6ytE328cuUUtDkiuJv/entOjwzBxtnoiE4EPamtVF77j1o5uRka\nRKBzPndKUD2rv4KJUkeAdo/mlmRlJaDwvP6IZFSyf6cL7fwqYMu+GAkTCwbeTR62\nLAJBgrlqOpzaau7hg2FbX5k94NLXkdt4H9wOCz7YkNMcg/1TpGC8RC1GNLsb\n-----END RSA PRIVATE KEY-----\n",
            "public_key_fingerprint_md5": "1c:38:60:1d:61:5c:2b:58:fa:79:78:72:61:4a:f6:a0",
            "public_key_openssh": "ssh-rsa AAAAB3NzaC1yc2EAAAADAQABAAACAQDZf8REx/J9eDYEl1A70u5uYGOo8hrLwND5tiSCkpE1AY3BcYCXPlzSmktJqmQyfEsMczBtDOzyif06pwLXuCzJc6QbGy/xJeK9q2pMUUN6YCdXaL8KCXLGKaZ9ZWHdADIEqFbS4rBrcucil0U8ULbMnql7YSeNQh248xnWYMrThx34q3GpDIvdpec1DgePTGI+E1Bm+boWKyzRNjguxditsI8fBQWpZ9enjg38FMn8rIK3jw2PQH8jv13Gm3nxVdjxK7p5DbtPXXCjgYWkVHV/dp98pzkScs7ocm3rI99E9IH1KWZo3M3y4v1VT8EC4bXG22IHm8+WdEASDcETRohFRPjGInNaYC5ncqaVXou8UJAlgrBvxcw5SucA/G7AZULcvE0Koc7Wze/hWzAl9Dpl2FpOQLW+2DaptpQNCBryBT+TvndUV7tzofa27fm4V30PakUzESmCugu9/3kQmJF8ijcSBIpEizNUETm8Xez2hfjoepD/vEXOR3BKVcLgpAwksTGIkmASWmXDE7i/cn2vSC5Pu3j9UFeIjgI3z2pJq05UAtMXKhfvKYj3iFcuErBWu/LANqJzZVLorJtrUr20tAhw0ydPRUenwxYKdv5pEiAKfJ7+0a0QvLfPHNsrfWa1q/3KnvCUNuemQ+KG6HMBjpZVcrBkbDnqH3+btxXpfQ==\n",
            "public_key_pem": "-----BEGIN PUBLIC KEY-----\nMIICIjANBgkqhkiG9w0BAQEFAAOCAg8AMIICCgKCAgEA2X/ERMfyfXg2BJdQO9Lu\nbmBjqPIay8DQ+bYkgpKRNQGNwXGAlz5c0ppLSapkMnxLDHMwbQzs8on9OqcC17gs\nyXOkGxsv8SXivatqTFFDemAnV2i/CglyximmfWVh3QAyBKhW0uKwa3LnIpdFPFC2\nzJ6pe2EnjUIduPMZ1mDK04cd+KtxqQyL3aXnNQ4Hj0xiPhNQZvm6Fiss0TY4LsXY\nrbCPHwUFqWfXp44N/BTJ/KyCt48Nj0B/I79dxpt58VXY8Su6eQ27T11wo4GFpFR1\nf3affKc5EnLO6HJt6yPfRPSB9SlmaNzN8uL9VU/BAuG1xttiB5vPlnRAEg3BE0aI\nRUT4xiJzWmAuZ3KmlV6LvFCQJYKwb8XMOUrnAPxuwGVC3LxNCqHO1s3v4VswJfQ6\nZdhaTkC1vtg2qbaUDQga8gU/k753VFe7c6H2tu35uFd9D2pFMxEpgroLvf95EJiR\nfIo3EgSKRIszVBE5vF3s9oX46HqQ/7xFzkdwSlXC4KQMJLExiJJgElplwxO4v3J9\nr0guT7t4/VBXiI4CN89qSatOVALTFyoX7ymI94hXLhKwVrvywDaic2VS6Kyba1K9\ntLQIcNMnT0VHp8MWCnb+aRIgCnye/tGtELy3zxzbK31mtav9yp7wlDbnpkPihuhz\nAY6WVXKwZGw56h9/m7cV6X0CAwEAAQ==\n-----END PUBLIC KEY-----\n",
            "rsa_bits": 4096
          },
          "sensitive_attributes": [],
          "private": "bnVsbA=="
        }
      ]
    }
  ]
}
